{
  "name": "batcher",
  "version": "1.0.0",
  "lockfileVersion": 3,
  "requires": true,
  "packages": {
    "": {
      "name": "batcher",
      "version": "1.0.0",
      "license": "ISC",
      "dependencies": {
        "@yornaath/batshit": "^0.10.1"
      }
    },
    "node_modules/@yornaath/batshit": {
      "version": "0.10.1",
      "resolved": "https://registry.npmjs.org/@yornaath/batshit/-/batshit-0.10.1.tgz",
      "integrity": "sha512-WGZ1WNoiVN6CLf28O73+6SCf+2lUn4U7TLGM9f4zOad0pn9mdoXIq8cwu3Kpf7N2OTYgWGK4eQPTflwFlduDGA==",
      "dependencies": {
        "@yornaath/batshit-devtools": "^1.7.1"
      }
    },
    "node_modules/@yornaath/batshit-devtools": {
      "version": "1.7.1",
      "resolved": "https://registry.npmjs.org/@yornaath/batshit-devtools/-/batshit-devtools-1.7.1.tgz",
      "integrity": "sha512-AyttV1Njj5ug+XqEWY1smV45dTWMlWKtj1B8jcFYgBKUFyUlF/qEhD+iP1E5UaRYW6hQRYD9T2WNDwFTrOMWzQ=="
    }
  }
}
